
Microsoft Visual Studio Solution File, Format Version 12.00
# Visual Studio 15
VisualStudioVersion = 15.0.27130.2003
MinimumVisualStudioVersion = 10.0.40219.1
Project("{8BC9CEB8-8B4A-11D0-8D11-00A0C91BC942}") = "makin", "makin\makin.vcxproj", "{92E1A34F-910D-47EB-A037-3F74D7509EFB}"
EndProject
Project("{8BC9CEB8-8B4A-11D0-8D11-00A0C91BC942}") = "asho", "asho\asho.vcxproj", "{B9B4C3F7-6805-4D14-B0AB-1E18D868E0CC}"
EndProject
Global
	GlobalSection(SolutionConfigurationPlatforms) = preSolution
		Debug|x64 = Debug|x64
		Debug|x86 = Debug|x86
		Release|x64 = Release|x64
		Release|x86 = Release|x86
	EndGlobalSection
	GlobalSection(ProjectConfigurationPlatforms) = postSolution
		{92E1A34F-910D-47EB-A037-3F74D7509EFB}.Debug|x64.ActiveCfg = Debug|x64
		{92E1A34F-910D-47EB-A037-3F74D7509EFB}.Debug|x64.Build.0 = Debug|x64
		{92E1A34F-910D-47EB-A037-3F74D7509EFB}.Debug|x86.ActiveCfg = Debug|Win32
		{92E1A34F-910D-47EB-A037-3F74D7509EFB}.Debug|x86.Build.0 = Debug|Win32
		{92E1A34F-910D-47EB-A037-3F74D7509EFB}.Release|x64.ActiveCfg = Release|x64
		{92E1A34F-910D-47EB-A037-3F74D7509EFB}.Release|x64.Build.0 = Release|x64
		{92E1A34F-910D-47EB-A037-3F74D7509EFB}.Release|x86.ActiveCfg = Release|Win32
		{92E1A34F-910D-47EB-A037-3F74D7509EFB}.Release|x86.Build.0 = Release|Win32
		{B9B4C3F7-6805-4D14-B0AB-1E18D868E0CC}.Debug|x64.ActiveCfg = Debug|x64
		{B9B4C3F7-6805-4D14-B0AB-1E18D868E0CC}.Debug|x64.Build.0 = Debug|x64
		{B9B4C3F7-6805-4D14-B0AB-1E18D868E0CC}.Debug|x86.ActiveCfg = Debug|Win32
		{B9B4C3F7-6805-4D14-B0AB-1E18D868E0CC}.Debug|x86.Build.0 = Debug|Win32
		{B9B4C3F7-6805-4D14-B0AB-1E18D868E0CC}.Release|x64.ActiveCfg = Release|x64
		{B9B4C3F7-6805-4D14-B0AB-1E18D868E0CC}.Release|x64.Build.0 = Release|x64
		{B9B4C3F7-6805-4D14-B0AB-1E18D868E0CC}.Release|x86.ActiveCfg = Release|Win32
		{B9B4C3F7-6805-4D14-B0AB-1E18D868E0CC}.Release|x86.Build.0 = Release|Win32
	EndGlobalSection
	GlobalSection(SolutionProperties) = preSolution
		HideSolutionNode = FALSE
	EndGlobalSection
	GlobalSection(ExtensibilityGlobals) = postSolution
		SolutionGuid = {EDB86005-78FF-4956-85D9-9B6BA272BA7B}
	EndGlobalSection
EndGlobal
